
Microsoft Visual Studio Solution File, Format Version 12.00
# Visual Studio Version 17
VisualStudioVersion = 17.8.34525.116
MinimumVisualStudioVersion = 10.0.40219.1
Project("{8BC9CEB8-8B4A-11D0-8D11-00A0C91BC942}") = "ДЗ 2.02", "ДЗ 2.02.vcxproj", "{59CBE2E9-E9FA-4B46-AA5F-738941AC5FF0}"
EndProject
Global
	GlobalSection(SolutionConfigurationPlatforms) = preSolution
		Debug|x64 = Debug|x64
		Debug|x86 = Debug|x86
		Release|x64 = Release|x64
		Release|x86 = Release|x86
	EndGlobalSection
	GlobalSection(ProjectConfigurationPlatforms) = postSolution
		{59CBE2E9-E9FA-4B46-AA5F-738941AC5FF0}.Debug|x64.ActiveCfg = Debug|x64
		{59CBE2E9-E9FA-4B46-AA5F-738941AC5FF0}.Debug|x64.Build.0 = Debug|x64
		{59CBE2E9-E9FA-4B46-AA5F-738941AC5FF0}.Debug|x86.ActiveCfg = Debug|Win32
		{59CBE2E9-E9FA-4B46-AA5F-738941AC5FF0}.Debug|x86.Build.0 = Debug|Win32
		{59CBE2E9-E9FA-4B46-AA5F-738941AC5FF0}.Release|x64.ActiveCfg = Release|x64
		{59CBE2E9-E9FA-4B46-AA5F-738941AC5FF0}.Release|x64.Build.0 = Release|x64
		{59CBE2E9-E9FA-4B46-AA5F-738941AC5FF0}.Release|x86.ActiveCfg = Release|Win32
		{59CBE2E9-E9FA-4B46-AA5F-738941AC5FF0}.Release|x86.Build.0 = Release|Win32
	EndGlobalSection
	GlobalSection(SolutionProperties) = preSolution
		HideSolutionNode = FALSE
	EndGlobalSection
	GlobalSection(ExtensibilityGlobals) = postSolution
		SolutionGuid = {CC3C97AC-C3B7-44BF-AD71-F3C04A665F69}
	EndGlobalSection
EndGlobal
